
Microsoft Visual Studio Solution File, Format Version 12.00
# Visual Studio 15
VisualStudioVersion = 15.0.27004.2002
MinimumVisualStudioVersion = 10.0.40219.1
Project("{FAE04EC0-301F-11D3-BF4B-00C04F79EFBC}") = "CryptoCoin", "CryptoCoin\CryptoCoin.csproj", "{88C1A070-13B9-45BE-8A58-5C6D1F25C1CF}"
EndProject
Global
	GlobalSection(SolutionConfigurationPlatforms) = preSolution
		Debug|Any CPU = Debug|Any CPU
		Release|Any CPU = Release|Any CPU
	EndGlobalSection
	GlobalSection(ProjectConfigurationPlatforms) = postSolution
		{88C1A070-13B9-45BE-8A58-5C6D1F25C1CF}.Debug|Any CPU.ActiveCfg = Debug|Any CPU
		{88C1A070-13B9-45BE-8A58-5C6D1F25C1CF}.Debug|Any CPU.Build.0 = Debug|Any CPU
		{88C1A070-13B9-45BE-8A58-5C6D1F25C1CF}.Release|Any CPU.ActiveCfg = Release|Any CPU
		{88C1A070-13B9-45BE-8A58-5C6D1F25C1CF}.Release|Any CPU.Build.0 = Release|Any CPU
	EndGlobalSection
	GlobalSection(SolutionProperties) = preSolution
		HideSolutionNode = FALSE
	EndGlobalSection
	GlobalSection(ExtensibilityGlobals) = postSolution
		SolutionGuid = {2CF33457-35D6-4EB4-B6EC-E3E4BC787FB0}
	EndGlobalSection
EndGlobal
